// !$*UTF8*$!
{
	archiveVersion = 1;
	classes = {
	};
	objectVersion = 50;
	objects = {

/* Begin PBXBuildFile section */
		98CDF60D225B37BA00D00F39 /* Extensions+UIView.swift in Sources */ = {isa = PBXBuildFile; fileRef = 98CDF60C225B37BA00D00F39 /* Extensions+UIView.swift */; };
		98CDF611225B5DFD00D00F39 /* HomeButtonsControlsStackView.swift in Sources */ = {isa = PBXBuildFile; fileRef = 98CDF610225B5DFD00D00F39 /* HomeButtonsControlsStackView.swift */; };
		98CDF613225B66A300D00F39 /* TopNavigationStackView.swift in Sources */ = {isa = PBXBuildFile; fileRef = 98CDF612225B66A300D00F39 /* TopNavigationStackView.swift */; };
		98CDF615225B6C6D00D00F39 /* CardView.swift in Sources */ = {isa = PBXBuildFile; fileRef = 98CDF614225B6C6D00D00F39 /* CardView.swift */; };
		98F7474D225B341F0069E469 /* AppDelegate.swift in Sources */ = {isa = PBXBuildFile; fileRef = 98F7474C225B341F0069E469 /* AppDelegate.swift */; };
		98F7474F225B341F0069E469 /* ViewController.swift in Sources */ = {isa = PBXBuildFile; fileRef = 98F7474E225B341F0069E469 /* ViewController.swift */; };
		98F74752225B341F0069E469 /* Main.storyboard in Resources */ = {isa = PBXBuildFile; fileRef = 98F74750225B341F0069E469 /* Main.storyboard */; };
		98F74754225B34260069E469 /* Assets.xcassets in Resources */ = {isa = PBXBuildFile; fileRef = 98F74753225B34260069E469 /* Assets.xcassets */; };
		98F74757225B34260069E469 /* LaunchScreen.storyboard in Resources */ = {isa = PBXBuildFile; fileRef = 98F74755225B34260069E469 /* LaunchScreen.storyboard */; };
/* End PBXBuildFile section */

/* Begin PBXFileReference section */
		98CDF60C225B37BA00D00F39 /* Extensions+UIView.swift */ = {isa = PBXFileReference; fileEncoding = 4; lastKnownFileType = sourcecode.swift; path = "Extensions+UIView.swift"; sourceTree = "<group>"; };
		98CDF610225B5DFD00D00F39 /* HomeButtonsControlsStackView.swift */ = {isa = PBXFileReference; lastKnownFileType = sourcecode.swift; path = HomeButtonsControlsStackView.swift; sourceTree = "<group>"; };
		98CDF612225B66A300D00F39 /* TopNavigationStackView.swift */ = {isa = PBXFileReference; lastKnownFileType = sourcecode.swift; path = TopNavigationStackView.swift; sourceTree = "<group>"; };
		98CDF614225B6C6D00D00F39 /* CardView.swift */ = {isa = PBXFileReference; lastKnownFileType = sourcecode.swift; path = CardView.swift; sourceTree = "<group>"; };
		98F74749225B341F0069E469 /* SwipeMatchFirestore.app */ = {isa = PBXFileReference; explicitFileType = wrapper.application; includeInIndex = 0; path = SwipeMatchFirestore.app; sourceTree = BUILT_PRODUCTS_DIR; };
		98F7474C225B341F0069E469 /* AppDelegate.swift */ = {isa = PBXFileReference; lastKnownFileType = sourcecode.swift; path = AppDelegate.swift; sourceTree = "<group>"; };
		98F7474E225B341F0069E469 /* ViewController.swift */ = {isa = PBXFileReference; lastKnownFileType = sourcecode.swift; path = ViewController.swift; sourceTree = "<group>"; };
		98F74751225B341F0069E469 /* Base */ = {isa = PBXFileReference; lastKnownFileType = file.storyboard; name = Base; path = Base.lproj/Main.storyboard; sourceTree = "<group>"; };
		98F74753225B34260069E469 /* Assets.xcassets */ = {isa = PBXFileReference; lastKnownFileType = folder.assetcatalog; path = Assets.xcassets; sourceTree = "<group>"; };
		98F74756225B34260069E469 /* Base */ = {isa = PBXFileReference; lastKnownFileType = file.storyboard; name = Base; path = Base.lproj/LaunchScreen.storyboard; sourceTree = "<group>"; };
		98F74758225B34260069E469 /* Info.plist */ = {isa = PBXFileReference; lastKnownFileType = text.plist.xml; path = Info.plist; sourceTree = "<group>"; };
/* End PBXFileReference section */

/* Begin PBXFrameworksBuildPhase section */
		98F74746225B341F0069E469 /* Frameworks */ = {
			isa = PBXFrameworksBuildPhase;
			buildActionMask = 2147483647;
			files = (
			);
			runOnlyForDeploymentPostprocessing = 0;
		};
/* End PBXFrameworksBuildPhase section */

/* Begin PBXGroup section */
		98CDF60B225B374F00D00F39 /* Extensions */ = {
			isa = PBXGroup;
			children = (
				98CDF60C225B37BA00D00F39 /* Extensions+UIView.swift */,
			);
			name = Extensions;
			sourceTree = "<group>";
		};
		98CDF60F225B5DB700D00F39 /* Views */ = {
			isa = PBXGroup;
			children = (
				98CDF610225B5DFD00D00F39 /* HomeButtonsControlsStackView.swift */,
				98CDF612225B66A300D00F39 /* TopNavigationStackView.swift */,
				98CDF614225B6C6D00D00F39 /* CardView.swift */,
			);
			name = Views;
			sourceTree = "<group>";
		};
		98F74740225B341F0069E469 = {
			isa = PBXGroup;
			children = (
				98F7474B225B341F0069E469 /* SwipeMatchFirestore */,
				98F7474A225B341F0069E469 /* Products */,
			);
			sourceTree = "<group>";
		};
		98F7474A225B341F0069E469 /* Products */ = {
			isa = PBXGroup;
			children = (
				98F74749225B341F0069E469 /* SwipeMatchFirestore.app */,
			);
			name = Products;
			sourceTree = "<group>";
		};
		98F7474B225B341F0069E469 /* SwipeMatchFirestore */ = {
			isa = PBXGroup;
			children = (
				98CDF60F225B5DB700D00F39 /* Views */,
				98CDF60B225B374F00D00F39 /* Extensions */,
				98F7474C225B341F0069E469 /* AppDelegate.swift */,
				98F7474E225B341F0069E469 /* ViewController.swift */,
				98F74750225B341F0069E469 /* Main.storyboard */,
				98F74753225B34260069E469 /* Assets.xcassets */,
				98F74755225B34260069E469 /* LaunchScreen.storyboard */,
				98F74758225B34260069E469 /* Info.plist */,
			);
			path = SwipeMatchFirestore;
			sourceTree = "<group>";
		};
/* End PBXGroup section */

/* Begin PBXNativeTarget section */
		98F74748225B341F0069E469 /* SwipeMatchFirestore */ = {
			isa = PBXNativeTarget;
			buildConfigurationList = 98F7475B225B34260069E469 /* Build configuration list for PBXNativeTarget "SwipeMatchFirestore" */;
			buildPhases = (
				98F74745225B341F0069E469 /* Sources */,
				98F74746225B341F0069E469 /* Frameworks */,
				98F74747225B341F0069E469 /* Resources */,
			);
			buildRules = (
			);
			dependencies = (
			);
			name = SwipeMatchFirestore;
			productName = SwipeMatchFirestore;
			productReference = 98F74749225B341F0069E469 /* SwipeMatchFirestore.app */;
			productType = "com.apple.product-type.application";
		};
/* End PBXNativeTarget section */

/* Begin PBXProject section */
		98F74741225B341F0069E469 /* Project object */ = {
			isa = PBXProject;
			attributes = {
				LastSwiftUpdateCheck = 1020;
				LastUpgradeCheck = 1020;
				ORGANIZATIONNAME = "Tmur Cheberda";
				TargetAttributes = {
					98F74748225B341F0069E469 = {
						CreatedOnToolsVersion = 10.2;
					};
				};
			};
			buildConfigurationList = 98F74744225B341F0069E469 /* Build configuration list for PBXProject "SwipeMatchFirestore" */;
			compatibilityVersion = "Xcode 9.3";
			developmentRegion = en;
			hasScannedForEncodings = 0;
			knownRegions = (
				en,
				Base,
			);
			mainGroup = 98F74740225B341F0069E469;
			productRefGroup = 98F7474A225B341F0069E469 /* Products */;
			projectDirPath = "";
			projectRoot = "";
			targets = (
				98F74748225B341F0069E469 /* SwipeMatchFirestore */,
			);
		};
/* End PBXProject section */

/* Begin PBXResourcesBuildPhase section */
		98F74747225B341F0069E469 /* Resources */ = {
			isa = PBXResourcesBuildPhase;
			buildActionMask = 2147483647;
			files = (
				98F74757225B34260069E469 /* LaunchScreen.storyboard in Resources */,
				98F74754225B34260069E469 /* Assets.xcassets in Resources */,
				98F74752225B341F0069E469 /* Main.storyboard in Resources */,
			);
			runOnlyForDeploymentPostprocessing = 0;
		};
/* End PBXResourcesBuildPhase section */

/* Begin PBXSourcesBuildPhase section */
		98F74745225B341F0069E469 /* Sources */ = {
			isa = PBXSourcesBuildPhase;
			buildActionMask = 2147483647;
			files = (
				98F7474F225B341F0069E469 /* ViewController.swift in Sources */,
				98F7474D225B341F0069E469 /* AppDelegate.swift in Sources */,
				98CDF611225B5DFD00D00F39 /* HomeButtonsControlsStackView.swift in Sources */,
				98CDF60D225B37BA00D00F39 /* Extensions+UIView.swift in Sources */,
				98CDF615225B6C6D00D00F39 /* CardView.swift in Sources */,
				98CDF613225B66A300D00F39 /* TopNavigationStackView.swift in Sources */,
			);
			runOnlyForDeploymentPostprocessing = 0;
		};
/* End PBXSourcesBuildPhase section */

/* Begin PBXVariantGroup section */
		98F74750225B341F0069E469 /* Main.storyboard */ = {
			isa = PBXVariantGroup;
			children = (
				98F74751225B341F0069E469 /* Base */,
			);
			name = Main.storyboard;
			sourceTree = "<group>";
		};
		98F74755225B34260069E469 /* LaunchScreen.storyboard */ = {
			isa = PBXVariantGroup;
			children = (
				98F74756225B34260069E469 /* Base */,
			);
			name = LaunchScreen.storyboard;
			sourceTree = "<group>";
		};
/* End PBXVariantGroup section */

/* Begin XCBuildConfiguration section */
		98F74759225B34260069E469 /* Debug */ = {
			isa = XCBuildConfiguration;
			buildSettings = {
				ALWAYS_SEARCH_USER_PATHS = NO;
				CLANG_ANALYZER_NONNULL = YES;
				CLANG_ANALYZER_NUMBER_OBJECT_CONVERSION = YES_AGGRESSIVE;
				CLANG_CXX_LANGUAGE_STANDARD = "gnu++14";
				CLANG_CXX_LIBRARY = "libc++";
				CLANG_ENABLE_MODULES = YES;
				CLANG_ENABLE_OBJC_ARC = YES;
				CLANG_ENABLE_OBJC_WEAK = YES;
				CLANG_WARN_BLOCK_CAPTURE_AUTORELEASING = YES;
				CLANG_WARN_BOOL_CONVERSION = YES;
				CLANG_WARN_COMMA = YES;
				CLANG_WARN_CONSTANT_CONVERSION = YES;
				CLANG_WARN_DEPRECATED_OBJC_IMPLEMENTATIONS = YES;
				CLANG_WARN_DIRECT_OBJC_ISA_USAGE = YES_ERROR;
				CLANG_WARN_DOCUMENTATION_COMMENTS = YES;
				CLANG_WARN_EMPTY_BODY = YES;
				CLANG_WARN_ENUM_CONVERSION = YES;
				CLANG_WARN_INFINITE_RECURSION = YES;
				CLANG_WARN_INT_CONVERSION = YES;
				CLANG_WARN_NON_LITERAL_NULL_CONVERSION = YES;
				CLANG_WARN_OBJC_IMPLICIT_RETAIN_SELF = YES;
				CLANG_WARN_OBJC_LITERAL_CONVERSION = YES;
				CLANG_WARN_OBJC_ROOT_CLASS = YES_ERROR;
				CLANG_WARN_RANGE_LOOP_ANALYSIS = YES;
				CLANG_WARN_STRICT_PROTOTYPES = YES;
				CLANG_WARN_SUSPICIOUS_MOVE = YES;
				CLANG_WARN_UNGUARDED_AVAILABILITY = YES_AGGRESSIVE;
				CLANG_WARN_UNREACHABLE_CODE = YES;
				CLANG_WARN__DUPLICATE_METHOD_MATCH = YES;
				CODE_SIGN_IDENTITY = "iPhone Developer";
				COPY_PHASE_STRIP = NO;
				DEBUG_INFORMATION_FORMAT = dwarf;
				ENABLE_STRICT_OBJC_MSGSEND = YES;
				ENABLE_TESTABILITY = YES;
				GCC_C_LANGUAGE_STANDARD = gnu11;
				GCC_DYNAMIC_NO_PIC = NO;
				GCC_NO_COMMON_BLOCKS = YES;
				GCC_OPTIMIZATION_LEVEL = 0;
				GCC_PREPROCESSOR_DEFINITIONS = (
					"DEBUG=1",
					"$(inherited)",
				);
				GCC_WARN_64_TO_32_BIT_CONVERSION = YES;
				GCC_WARN_ABOUT_RETURN_TYPE = YES_ERROR;
				GCC_WARN_UNDECLARED_SELECTOR = YES;
				GCC_WARN_UNINITIALIZED_AUTOS = YES_AGGRESSIVE;
				GCC_WARN_UNUSED_FUNCTION = YES;
				GCC_WARN_UNUSED_VARIABLE = YES;
				IPHONEOS_DEPLOYMENT_TARGET = 12.2;
				MTL_ENABLE_DEBUG_INFO = INCLUDE_SOURCE;
				MTL_FAST_MATH = YES;
				ONLY_ACTIVE_ARCH = YES;
				SDKROOT = iphoneos;
				SWIFT_ACTIVE_COMPILATION_CONDITIONS = DEBUG;
				SWIFT_OPTIMIZATION_LEVEL = "-Onone";
			};
			name = Debug;
		};
		98F7475A225B34260069E469 /* Release */ = {
			isa = XCBuildConfiguration;
			buildSettings = {
				ALWAYS_SEARCH_USER_PATHS = NO;
				CLANG_ANALYZER_NONNULL = YES;
				CLANG_ANALYZER_NUMBER_OBJECT_CONVERSION = YES_AGGRESSIVE;
				CLANG_CXX_LANGUAGE_STANDARD = "gnu++14";
				CLANG_CXX_LIBRARY = "libc++";
				CLANG_ENABLE_MODULES = YES;
				CLANG_ENABLE_OBJC_ARC = YES;
				CLANG_ENABLE_OBJC_WEAK = YES;
				CLANG_WARN_BLOCK_CAPTURE_AUTORELEASING = YES;
				CLANG_WARN_BOOL_CONVERSION = YES;
				CLANG_WARN_COMMA = YES;
				CLANG_WARN_CONSTANT_CONVERSION = YES;
				CLANG_WARN_DEPRECATED_OBJC_IMPLEMENTATIONS = YES;
				CLANG_WARN_DIRECT_OBJC_ISA_USAGE = YES_ERROR;
				CLANG_WARN_DOCUMENTATION_COMMENTS = YES;
				CLANG_WARN_EMPTY_BODY = YES;
				CLANG_WARN_ENUM_CONVERSION = YES;
				CLANG_WARN_INFINITE_RECURSION = YES;
				CLANG_WARN_INT_CONVERSION = YES;
				CLANG_WARN_NON_LITERAL_NULL_CONVERSION = YES;
				CLANG_WARN_OBJC_IMPLICIT_RETAIN_SELF = YES;
				CLANG_WARN_OBJC_LITERAL_CONVERSION = YES;
				CLANG_WARN_OBJC_ROOT_CLASS = YES_ERROR;
				CLANG_WARN_RANGE_LOOP_ANALYSIS = YES;
				CLANG_WARN_STRICT_PROTOTYPES = YES;
				CLANG_WARN_SUSPICIOUS_MOVE = YES;
				CLANG_WARN_UNGUARDED_AVAILABILITY = YES_AGGRESSIVE;
				CLANG_WARN_UNREACHABLE_CODE = YES;
				CLANG_WARN__DUPLICATE_METHOD_MATCH = YES;
				CODE_SIGN_IDENTITY = "iPhone Developer";
				COPY_PHASE_STRIP = NO;
				DEBUG_INFORMATION_FORMAT = "dwarf-with-dsym";
				ENABLE_NS_ASSERTIONS = NO;
				ENABLE_STRICT_OBJC_MSGSEND = YES;
				GCC_C_LANGUAGE_STANDARD = gnu11;
				GCC_NO_COMMON_BLOCKS = YES;
				GCC_WARN_64_TO_32_BIT_CONVERSION = YES;
				GCC_WARN_ABOUT_RETURN_TYPE = YES_ERROR;
				GCC_WARN_UNDECLARED_SELECTOR = YES;
				GCC_WARN_UNINITIALIZED_AUTOS = YES_AGGRESSIVE;
				GCC_WARN_UNUSED_FUNCTION = YES;
				GCC_WARN_UNUSED_VARIABLE = YES;
				IPHONEOS_DEPLOYMENT_TARGET = 12.2;
				MTL_ENABLE_DEBUG_INFO = NO;
				MTL_FAST_MATH = YES;
				SDKROOT = iphoneos;
				SWIFT_COMPILATION_MODE = wholemodule;
				SWIFT_OPTIMIZATION_LEVEL = "-O";
				VALIDATE_PRODUCT = YES;
			};
			name = Release;
		};
		98F7475C225B34260069E469 /* Debug */ = {
			isa = XCBuildConfiguration;
			buildSettings = {
				ASSETCATALOG_COMPILER_APPICON_NAME = AppIcon;
				CODE_SIGN_STYLE = Automatic;
				DEVELOPMENT_TEAM = 9P8B87J42W;
				INFOPLIST_FILE = SwipeMatchFirestore/Info.plist;
				LD_RUNPATH_SEARCH_PATHS = (
					"$(inherited)",
					"@executable_path/Frameworks",
				);
				PRODUCT_BUNDLE_IDENTIFIER = com.hithere.SwipeMatchFirestore;
				PRODUCT_NAME = "$(TARGET_NAME)";
				SWIFT_VERSION = 5.0;
				TARGETED_DEVICE_FAMILY = "1,2";
			};
			name = Debug;
		};
		98F7475D225B34260069E469 /* Release */ = {
			isa = XCBuildConfiguration;
			buildSettings = {
				ASSETCATALOG_COMPILER_APPICON_NAME = AppIcon;
				CODE_SIGN_STYLE = Automatic;
				DEVELOPMENT_TEAM = 9P8B87J42W;
				INFOPLIST_FILE = SwipeMatchFirestore/Info.plist;
				LD_RUNPATH_SEARCH_PATHS = (
					"$(inherited)",
					"@executable_path/Frameworks",
				);
				PRODUCT_BUNDLE_IDENTIFIER = com.hithere.SwipeMatchFirestore;
				PRODUCT_NAME = "$(TARGET_NAME)";
				SWIFT_VERSION = 5.0;
				TARGETED_DEVICE_FAMILY = "1,2";
			};
			name = Release;
		};
/* End XCBuildConfiguration section */

/* Begin XCConfigurationList section */
		98F74744225B341F0069E469 /* Build configuration list for PBXProject "SwipeMatchFirestore" */ = {
			isa = XCConfigurationList;
			buildConfigurations = (
				98F74759225B34260069E469 /* Debug */,
				98F7475A225B34260069E469 /* Release */,
			);
			defaultConfigurationIsVisible = 0;
			defaultConfigurationName = Release;
		};
		98F7475B225B34260069E469 /* Build configuration list for PBXNativeTarget "SwipeMatchFirestore" */ = {
			isa = XCConfigurationList;
			buildConfigurations = (
				98F7475C225B34260069E469 /* Debug */,
				98F7475D225B34260069E469 /* Release */,
			);
			defaultConfigurationIsVisible = 0;
			defaultConfigurationName = Release;
		};
/* End XCConfigurationList section */
	};
	rootObject = 98F74741225B341F0069E469 /* Project object */;
}
